Microsoft Visual Studio Solution File, Format Version 12.00
# Visual Studio Version 17
VisualStudioVersion = 17.5.2.0
MinimumVisualStudioVersion = 10.0.40219.1
Project("{FAE04EC0-301F-11D3-BF4B-00C04F79EFBC}") = "TimetrackerReportingClient", "TimetrackerReportingClient.csproj", "{3F83DD4B-3F4D-77E6-CDDA-AB6311A81043}"
EndProject
Global
	GlobalSection(SolutionConfigurationPlatforms) = preSolution
		Debug|Any CPU = Debug|Any CPU
		Release|Any CPU = Release|Any CPU
	EndGlobalSection
	GlobalSection(ProjectConfigurationPlatforms) = postSolution
		{3F83DD4B-3F4D-77E6-CDDA-AB6311A81043}.Debug|Any CPU.ActiveCfg = Debug|Any CPU
		{3F83DD4B-3F4D-77E6-CDDA-AB6311A81043}.Debug|Any CPU.Build.0 = Debug|Any CPU
		{3F83DD4B-3F4D-77E6-CDDA-AB6311A81043}.Release|Any CPU.ActiveCfg = Release|Any CPU
		{3F83DD4B-3F4D-77E6-CDDA-AB6311A81043}.Release|Any CPU.Build.0 = Release|Any CPU
	EndGlobalSection
	GlobalSection(SolutionProperties) = preSolution
		HideSolutionNode = FALSE
	EndGlobalSection
	GlobalSection(ExtensibilityGlobals) = postSolution
		SolutionGuid = {126EC6A8-F1DD-4E03-B068-E523108DE177}
	EndGlobalSection
EndGlobal
